# THIS IS AN AUTOGENERATED FILE. DO NOT EDIT THIS FILE DIRECTLY.
# yarn lockfile v1


"@fullcalendar/common@~5.11.2":
  version "5.11.2"
  resolved "https://registry.yarnpkg.com/@fullcalendar/common/-/common-5.11.2.tgz#2b198a56d315b0f4d4197d730f9303a9ba8954f8"
  integrity sha512-2YBRs4IFrZlo7UL7hEHK+QgnuQnVIfwSspCOy0Qe+DtU2hu3myPrxsW0Tt/8RaoWsRndRDw5jeJzpjcVHDSSGQ==
  dependencies:
    tslib "^2.1.0"

"@fullcalendar/rrule@^5.11.2":
  version "5.11.2"
  resolved "https://registry.yarnpkg.com/@fullcalendar/rrule/-/rrule-5.11.2.tgz#853fdeb6f4233b99a50a03da781d88df0d381928"
  integrity sha512-NWAyY4QL+8PwWe61cIhrZyV1q6VPYZQXRmPfv6O4EDBWqQodo9CqHPWzjNMh07DPZVJ76Wx+2CxGE7UhkswFmw==
  dependencies:
    "@fullcalendar/common" "~5.11.2"
    tslib "^2.1.0"

rrule@^2.7.1:
  version "2.7.1"
  resolved "https://registry.yarnpkg.com/rrule/-/rrule-2.7.1.tgz#2511e1aed0e96fb5acf831304cde97d2cb65d99e"
  integrity sha512-4p20u/1U7WqR3Nb1hOUrm0u1nSI7sO93ZUVZEZ5HeF6Gr5OlJuyhwEGRvUHq8ZfrPsq5gfa5b9dqnUs/kPqpIw==
  dependencies:
    tslib "^2.4.0"

tslib@^2.1.0, tslib@^2.4.0:
  version "2.4.0"
  resolved "https://registry.yarnpkg.com/tslib/-/tslib-2.4.0.tgz#7cecaa7f073ce680a05847aa77be941098f36dc3"
  integrity sha512-d6xOpEDfsi2CZVlPQzGeux8XMwLT9hssAsaPYExaQMuYskwb+x1x7J371tWlbBdWHroy99KnVB6qIkUbs5X3UQ==
